
Microsoft Visual Studio Solution File, Format Version 12.00
# Visual Studio Version 16
VisualStudioVersion = 16.0.29613.14
MinimumVisualStudioVersion = 10.0.40219.1
Project("{FAE04EC0-301F-11D3-BF4B-00C04F79EFBC}") = "BearerAuthenticationApi", "BearerAuthenticationApi\BearerAuthenticationApi.csproj", "{FF690B7F-E4D4-420C-B2A5-2EC339436395}"
EndProject
Global
	GlobalSection(SolutionConfigurationPlatforms) = preSolution
		Debug|Any CPU = Debug|Any CPU
		Release|Any CPU = Release|Any CPU
	EndGlobalSection
	GlobalSection(ProjectConfigurationPlatforms) = postSolution
		{FF690B7F-E4D4-420C-B2A5-2EC339436395}.Debug|Any CPU.ActiveCfg = Debug|Any CPU
		{FF690B7F-E4D4-420C-B2A5-2EC339436395}.Debug|Any CPU.Build.0 = Debug|Any CPU
		{FF690B7F-E4D4-420C-B2A5-2EC339436395}.Release|Any CPU.ActiveCfg = Release|Any CPU
		{FF690B7F-E4D4-420C-B2A5-2EC339436395}.Release|Any CPU.Build.0 = Release|Any CPU
	EndGlobalSection
	GlobalSection(SolutionProperties) = preSolution
		HideSolutionNode = FALSE
	EndGlobalSection
	GlobalSection(ExtensibilityGlobals) = postSolution
		SolutionGuid = {A6C1283C-BF52-4945-A2B0-58E34A0553AD}
	EndGlobalSection
EndGlobal
